
Microsoft Visual Studio Solution File, Format Version 12.00
# Visual Studio 15
VisualStudioVersion = 15.0.27428.2011
MinimumVisualStudioVersion = 10.0.40219.1
Project("{8BC9CEB8-8B4A-11D0-8D11-00A0C91BC942}") = "Week3_1", "Week3_1\Week3_1.vcxproj", "{F4632143-5C9E-4E95-AA68-3273859B6551}"
EndProject
Global
	GlobalSection(SolutionConfigurationPlatforms) = preSolution
		Debug|x64 = Debug|x64
		Debug|x86 = Debug|x86
		Release|x64 = Release|x64
		Release|x86 = Release|x86
	EndGlobalSection
	GlobalSection(ProjectConfigurationPlatforms) = postSolution
		{F4632143-5C9E-4E95-AA68-3273859B6551}.Debug|x64.ActiveCfg = Debug|x64
		{F4632143-5C9E-4E95-AA68-3273859B6551}.Debug|x64.Build.0 = Debug|x64
		{F4632143-5C9E-4E95-AA68-3273859B6551}.Debug|x86.ActiveCfg = Debug|Win32
		{F4632143-5C9E-4E95-AA68-3273859B6551}.Debug|x86.Build.0 = Debug|Win32
		{F4632143-5C9E-4E95-AA68-3273859B6551}.Release|x64.ActiveCfg = Release|x64
		{F4632143-5C9E-4E95-AA68-3273859B6551}.Release|x64.Build.0 = Release|x64
		{F4632143-5C9E-4E95-AA68-3273859B6551}.Release|x86.ActiveCfg = Release|Win32
		{F4632143-5C9E-4E95-AA68-3273859B6551}.Release|x86.Build.0 = Release|Win32
	EndGlobalSection
	GlobalSection(SolutionProperties) = preSolution
		HideSolutionNode = FALSE
	EndGlobalSection
	GlobalSection(ExtensibilityGlobals) = postSolution
		SolutionGuid = {F31AC8D2-7A8D-46A4-899B-28D16E60B278}
	EndGlobalSection
EndGlobal
